
Microsoft Visual Studio Solution File, Format Version 12.00
Project("{FAE04EC0-301F-11D3-BF4B-00C04F79EFBC}") = "Content.Data", "Content.Data\Content.Data.csproj", "{27626103-3713-4887-BE47-16F84F308516}"
EndProject
Project("{FAE04EC0-301F-11D3-BF4B-00C04F79EFBC}") = "Content.Asset.Job", "Content.Asset.Job\Content.Asset.Job.csproj", "{28D034EC-DCBE-41FE-B25D-9CCD3B13D738}"
EndProject
Project("{FAE04EC0-301F-11D3-BF4B-00C04F79EFBC}") = "Content.Asset.Job.Runner", "Content.Asset.Job.Runner\Content.Asset.Job.Runner.csproj", "{F88E01B6-2DA7-458F-90B4-321975FDB3E2}"
EndProject
Project("{FAE04EC0-301F-11D3-BF4B-00C04F79EFBC}") = "Content.Data.Console", "Content.Data.Console\Content.Data.Console.csproj", "{DB10C2C6-8215-4ECF-ABA9-6CF9A735A067}"
EndProject
Project("{FAE04EC0-301F-11D3-BF4B-00C04F79EFBC}") = "Content.GraphQL", "Content.GraphQL\Content.GraphQL.csproj", "{A10811C0-8C48-4D65-87F5-13AFA219E570}"
EndProject
Global
	GlobalSection(SolutionConfigurationPlatforms) = preSolution
		Debug|Any CPU = Debug|Any CPU
		Release|Any CPU = Release|Any CPU
	EndGlobalSection
	GlobalSection(ProjectConfigurationPlatforms) = postSolution
		{27626103-3713-4887-BE47-16F84F308516}.Debug|Any CPU.ActiveCfg = Debug|Any CPU
		{27626103-3713-4887-BE47-16F84F308516}.Debug|Any CPU.Build.0 = Debug|Any CPU
		{27626103-3713-4887-BE47-16F84F308516}.Release|Any CPU.ActiveCfg = Release|Any CPU
		{27626103-3713-4887-BE47-16F84F308516}.Release|Any CPU.Build.0 = Release|Any CPU
		{28D034EC-DCBE-41FE-B25D-9CCD3B13D738}.Debug|Any CPU.ActiveCfg = Debug|Any CPU
		{28D034EC-DCBE-41FE-B25D-9CCD3B13D738}.Debug|Any CPU.Build.0 = Debug|Any CPU
		{28D034EC-DCBE-41FE-B25D-9CCD3B13D738}.Release|Any CPU.ActiveCfg = Release|Any CPU
		{28D034EC-DCBE-41FE-B25D-9CCD3B13D738}.Release|Any CPU.Build.0 = Release|Any CPU
		{F88E01B6-2DA7-458F-90B4-321975FDB3E2}.Debug|Any CPU.ActiveCfg = Debug|Any CPU
		{F88E01B6-2DA7-458F-90B4-321975FDB3E2}.Debug|Any CPU.Build.0 = Debug|Any CPU
		{F88E01B6-2DA7-458F-90B4-321975FDB3E2}.Release|Any CPU.ActiveCfg = Release|Any CPU
		{F88E01B6-2DA7-458F-90B4-321975FDB3E2}.Release|Any CPU.Build.0 = Release|Any CPU
		{DB10C2C6-8215-4ECF-ABA9-6CF9A735A067}.Debug|Any CPU.ActiveCfg = Debug|Any CPU
		{DB10C2C6-8215-4ECF-ABA9-6CF9A735A067}.Debug|Any CPU.Build.0 = Debug|Any CPU
		{DB10C2C6-8215-4ECF-ABA9-6CF9A735A067}.Release|Any CPU.ActiveCfg = Release|Any CPU
		{DB10C2C6-8215-4ECF-ABA9-6CF9A735A067}.Release|Any CPU.Build.0 = Release|Any CPU
		{A10811C0-8C48-4D65-87F5-13AFA219E570}.Debug|Any CPU.ActiveCfg = Debug|Any CPU
		{A10811C0-8C48-4D65-87F5-13AFA219E570}.Debug|Any CPU.Build.0 = Debug|Any CPU
		{A10811C0-8C48-4D65-87F5-13AFA219E570}.Release|Any CPU.ActiveCfg = Release|Any CPU
		{A10811C0-8C48-4D65-87F5-13AFA219E570}.Release|Any CPU.Build.0 = Release|Any CPU
	EndGlobalSection
EndGlobal
